// !$*UTF8*$!
{
	archiveVersion = 1;
	classes = {
	};
	objectVersion = 46;
	objects = {

/* Begin PBXBuildFile section */
		D92172531EB14764001E353A /* AppDelegate.swift in Sources */ = {isa = PBXBuildFile; fileRef = D92172521EB14764001E353A /* AppDelegate.swift */; };
		D92172581EB14764001E353A /* Main.storyboard in Resources */ = {isa = PBXBuildFile; fileRef = D92172561EB14764001E353A /* Main.storyboard */; };
		D921725B1EB14764001E353A /* DollarAndADream.xcdatamodeld in Sources */ = {isa = PBXBuildFile; fileRef = D92172591EB14764001E353A /* DollarAndADream.xcdatamodeld */; };
		D921725D1EB14764001E353A /* Assets.xcassets in Resources */ = {isa = PBXBuildFile; fileRef = D921725C1EB14764001E353A /* Assets.xcassets */; };
		D92172601EB14764001E353A /* LaunchScreen.storyboard in Resources */ = {isa = PBXBuildFile; fileRef = D921725E1EB14764001E353A /* LaunchScreen.storyboard */; };
		D921726B1EB14764001E353A /* DollarAndADreamTests.swift in Sources */ = {isa = PBXBuildFile; fileRef = D921726A1EB14764001E353A /* DollarAndADreamTests.swift */; };
		D92172761EB14910001E353A /* DDLoginViewController.swift in Sources */ = {isa = PBXBuildFile; fileRef = D92172751EB14910001E353A /* DDLoginViewController.swift */; };
		D92172771EB14910001E353A /* DDLoginViewController.swift in Sources */ = {isa = PBXBuildFile; fileRef = D92172751EB14910001E353A /* DDLoginViewController.swift */; };
		D92172791EB14934001E353A /* DDSignUpViewController.swift in Sources */ = {isa = PBXBuildFile; fileRef = D92172781EB14934001E353A /* DDSignUpViewController.swift */; };
		D921727A1EB14934001E353A /* DDSignUpViewController.swift in Sources */ = {isa = PBXBuildFile; fileRef = D92172781EB14934001E353A /* DDSignUpViewController.swift */; };
		D921727C1EB14964001E353A /* DDHomeViewController.swift in Sources */ = {isa = PBXBuildFile; fileRef = D921727B1EB14964001E353A /* DDHomeViewController.swift */; };
		D921727D1EB14964001E353A /* DDHomeViewController.swift in Sources */ = {isa = PBXBuildFile; fileRef = D921727B1EB14964001E353A /* DDHomeViewController.swift */; };
		D921727F1EB14989001E353A /* DDSendViewController.swift in Sources */ = {isa = PBXBuildFile; fileRef = D921727E1EB14989001E353A /* DDSendViewController.swift */; };
		D92172801EB14989001E353A /* DDSendViewController.swift in Sources */ = {isa = PBXBuildFile; fileRef = D921727E1EB14989001E353A /* DDSendViewController.swift */; };
/* End PBXBuildFile section */

/* Begin PBXContainerItemProxy section */
		D92172671EB14764001E353A /* PBXContainerItemProxy */ = {
			isa = PBXContainerItemProxy;
			containerPortal = D92172471EB14764001E353A /* Project object */;
			proxyType = 1;
			remoteGlobalIDString = D921724E1EB14764001E353A;
			remoteInfo = DollarAndADream;
		};
/* End PBXContainerItemProxy section */

/* Begin PBXFileReference section */
		D921724F1EB14764001E353A /* DollarAndADream.app */ = {isa = PBXFileReference; explicitFileType = wrapper.application; includeInIndex = 0; path = DollarAndADream.app; sourceTree = BUILT_PRODUCTS_DIR; };
		D92172521EB14764001E353A /* AppDelegate.swift */ = {isa = PBXFileReference; lastKnownFileType = sourcecode.swift; path = AppDelegate.swift; sourceTree = "<group>"; };
		D92172571EB14764001E353A /* Base */ = {isa = PBXFileReference; lastKnownFileType = file.storyboard; name = Base; path = Base.lproj/Main.storyboard; sourceTree = "<group>"; };
		D921725A1EB14764001E353A /* DollarAndADream.xcdatamodel */ = {isa = PBXFileReference; lastKnownFileType = wrapper.xcdatamodel; path = DollarAndADream.xcdatamodel; sourceTree = "<group>"; };
		D921725C1EB14764001E353A /* Assets.xcassets */ = {isa = PBXFileReference; lastKnownFileType = folder.assetcatalog; path = Assets.xcassets; sourceTree = "<group>"; };
		D921725F1EB14764001E353A /* Base */ = {isa = PBXFileReference; lastKnownFileType = file.storyboard; name = Base; path = Base.lproj/LaunchScreen.storyboard; sourceTree = "<group>"; };
		D92172611EB14764001E353A /* Info.plist */ = {isa = PBXFileReference; lastKnownFileType = text.plist.xml; path = Info.plist; sourceTree = "<group>"; };
		D92172661EB14764001E353A /* DollarAndADreamTests.xctest */ = {isa = PBXFileReference; explicitFileType = wrapper.cfbundle; includeInIndex = 0; path = DollarAndADreamTests.xctest; sourceTree = BUILT_PRODUCTS_DIR; };
		D921726A1EB14764001E353A /* DollarAndADreamTests.swift */ = {isa = PBXFileReference; lastKnownFileType = sourcecode.swift; path = DollarAndADreamTests.swift; sourceTree = "<group>"; };
		D921726C1EB14764001E353A /* Info.plist */ = {isa = PBXFileReference; lastKnownFileType = text.plist.xml; path = Info.plist; sourceTree = "<group>"; };
		D92172751EB14910001E353A /* DDLoginViewController.swift */ = {isa = PBXFileReference; fileEncoding = 4; lastKnownFileType = sourcecode.swift; path = DDLoginViewController.swift; sourceTree = "<group>"; };
		D92172781EB14934001E353A /* DDSignUpViewController.swift */ = {isa = PBXFileReference; fileEncoding = 4; lastKnownFileType = sourcecode.swift; path = DDSignUpViewController.swift; sourceTree = "<group>"; };
		D921727B1EB14964001E353A /* DDHomeViewController.swift */ = {isa = PBXFileReference; fileEncoding = 4; lastKnownFileType = sourcecode.swift; path = DDHomeViewController.swift; sourceTree = "<group>"; };
		D921727E1EB14989001E353A /* DDSendViewController.swift */ = {isa = PBXFileReference; fileEncoding = 4; lastKnownFileType = sourcecode.swift; path = DDSendViewController.swift; sourceTree = "<group>"; };
/* End PBXFileReference section */

/* Begin PBXFrameworksBuildPhase section */
		D921724C1EB14764001E353A /* Frameworks */ = {
			isa = PBXFrameworksBuildPhase;
			buildActionMask = 2147483647;
			files = (
			);
			runOnlyForDeploymentPostprocessing = 0;
		};
		D92172631EB14764001E353A /* Frameworks */ = {
			isa = PBXFrameworksBuildPhase;
			buildActionMask = 2147483647;
			files = (
			);
			runOnlyForDeploymentPostprocessing = 0;
		};
/* End PBXFrameworksBuildPhase section */

/* Begin PBXGroup section */
		D92172461EB14764001E353A = {
			isa = PBXGroup;
			children = (
				D92172511EB14764001E353A /* DollarAndADream */,
				D92172691EB14764001E353A /* DollarAndADreamTests */,
				D92172501EB14764001E353A /* Products */,
			);
			sourceTree = "<group>";
		};
		D92172501EB14764001E353A /* Products */ = {
			isa = PBXGroup;
			children = (
				D921724F1EB14764001E353A /* DollarAndADream.app */,
				D92172661EB14764001E353A /* DollarAndADreamTests.xctest */,
			);
			name = Products;
			sourceTree = "<group>";
		};
		D92172511EB14764001E353A /* DollarAndADream */ = {
			isa = PBXGroup;
			children = (
				D92172521EB14764001E353A /* AppDelegate.swift */,
				D92172751EB14910001E353A /* DDLoginViewController.swift */,
				D92172781EB14934001E353A /* DDSignUpViewController.swift */,
				D921727B1EB14964001E353A /* DDHomeViewController.swift */,
				D921727E1EB14989001E353A /* DDSendViewController.swift */,
				D92172561EB14764001E353A /* Main.storyboard */,
				D921725C1EB14764001E353A /* Assets.xcassets */,
				D921725E1EB14764001E353A /* LaunchScreen.storyboard */,
				D92172611EB14764001E353A /* Info.plist */,
				D92172591EB14764001E353A /* DollarAndADream.xcdatamodeld */,
			);
			path = DollarAndADream;
			sourceTree = "<group>";
		};
		D92172691EB14764001E353A /* DollarAndADreamTests */ = {
			isa = PBXGroup;
			children = (
				D921726A1EB14764001E353A /* DollarAndADreamTests.swift */,
				D921726C1EB14764001E353A /* Info.plist */,
			);
			path = DollarAndADreamTests;
			sourceTree = "<group>";
		};
/* End PBXGroup section */

/* Begin PBXNativeTarget section */
		D921724E1EB14764001E353A /* DollarAndADream */ = {
			isa = PBXNativeTarget;
			buildConfigurationList = D921726F1EB14764001E353A /* Build configuration list for PBXNativeTarget "DollarAndADream" */;
			buildPhases = (
				D921724B1EB14764001E353A /* Sources */,
				D921724C1EB14764001E353A /* Frameworks */,
				D921724D1EB14764001E353A /* Resources */,
			);
			buildRules = (
			);
			dependencies = (
			);
			name = DollarAndADream;
			productName = DollarAndADream;
			productReference = D921724F1EB14764001E353A /* DollarAndADream.app */;
			productType = "com.apple.product-type.application";
		};
		D92172651EB14764001E353A /* DollarAndADreamTests */ = {
			isa = PBXNativeTarget;
			buildConfigurationList = D92172721EB14764001E353A /* Build configuration list for PBXNativeTarget "DollarAndADreamTests" */;
			buildPhases = (
				D92172621EB14764001E353A /* Sources */,
				D92172631EB14764001E353A /* Frameworks */,
				D92172641EB14764001E353A /* Resources */,
			);
			buildRules = (
			);
			dependencies = (
				D92172681EB14764001E353A /* PBXTargetDependency */,
			);
			name = DollarAndADreamTests;
			productName = DollarAndADreamTests;
			productReference = D92172661EB14764001E353A /* DollarAndADreamTests.xctest */;
			productType = "com.apple.product-type.bundle.unit-test";
		};
/* End PBXNativeTarget section */

/* Begin PBXProject section */
		D92172471EB14764001E353A /* Project object */ = {
			isa = PBXProject;
			attributes = {
				LastSwiftUpdateCheck = 0830;
				LastUpgradeCheck = 0830;
				ORGANIZATIONNAME = "Dollar & a Dream LLC";
				TargetAttributes = {
					D921724E1EB14764001E353A = {
						CreatedOnToolsVersion = 8.3.2;
						DevelopmentTeam = X557HAPU2P;
						ProvisioningStyle = Automatic;
					};
					D92172651EB14764001E353A = {
						CreatedOnToolsVersion = 8.3.2;
						DevelopmentTeam = X557HAPU2P;
						ProvisioningStyle = Automatic;
						TestTargetID = D921724E1EB14764001E353A;
					};
				};
			};
			buildConfigurationList = D921724A1EB14764001E353A /* Build configuration list for PBXProject "DollarAndADream" */;
			compatibilityVersion = "Xcode 3.2";
			developmentRegion = English;
			hasScannedForEncodings = 0;
			knownRegions = (
				en,
				Base,
			);
			mainGroup = D92172461EB14764001E353A;
			productRefGroup = D92172501EB14764001E353A /* Products */;
			projectDirPath = "";
			projectRoot = "";
			targets = (
				D921724E1EB14764001E353A /* DollarAndADream */,
				D92172651EB14764001E353A /* DollarAndADreamTests */,
			);
		};
/* End PBXProject section */

/* Begin PBXResourcesBuildPhase section */
		D921724D1EB14764001E353A /* Resources */ = {
			isa = PBXResourcesBuildPhase;
			buildActionMask = 2147483647;
			files = (
				D92172601EB14764001E353A /* LaunchScreen.storyboard in Resources */,
				D921725D1EB14764001E353A /* Assets.xcassets in Resources */,
				D92172581EB14764001E353A /* Main.storyboard in Resources */,
			);
			runOnlyForDeploymentPostprocessing = 0;
		};
		D92172641EB14764001E353A /* Resources */ = {
			isa = PBXResourcesBuildPhase;
			buildActionMask = 2147483647;
			files = (
			);
			runOnlyForDeploymentPostprocessing = 0;
		};
/* End PBXResourcesBuildPhase section */

/* Begin PBXSourcesBuildPhase section */
		D921724B1EB14764001E353A /* Sources */ = {
			isa = PBXSourcesBuildPhase;
			buildActionMask = 2147483647;
			files = (
				D921725B1EB14764001E353A /* DollarAndADream.xcdatamodeld in Sources */,
				D921727C1EB14964001E353A /* DDHomeViewController.swift in Sources */,
				D921727F1EB14989001E353A /* DDSendViewController.swift in Sources */,
				D92172761EB14910001E353A /* DDLoginViewController.swift in Sources */,
				D92172791EB14934001E353A /* DDSignUpViewController.swift in Sources */,
				D92172531EB14764001E353A /* AppDelegate.swift in Sources */,
			);
			runOnlyForDeploymentPostprocessing = 0;
		};
		D92172621EB14764001E353A /* Sources */ = {
			isa = PBXSourcesBuildPhase;
			buildActionMask = 2147483647;
			files = (
				D92172771EB14910001E353A /* DDLoginViewController.swift in Sources */,
				D921727D1EB14964001E353A /* DDHomeViewController.swift in Sources */,
				D921726B1EB14764001E353A /* DollarAndADreamTests.swift in Sources */,
				D92172801EB14989001E353A /* DDSendViewController.swift in Sources */,
				D921727A1EB14934001E353A /* DDSignUpViewController.swift in Sources */,
			);
			runOnlyForDeploymentPostprocessing = 0;
		};
/* End PBXSourcesBuildPhase section */

/* Begin PBXTargetDependency section */
		D92172681EB14764001E353A /* PBXTargetDependency */ = {
			isa = PBXTargetDependency;
			target = D921724E1EB14764001E353A /* DollarAndADream */;
			targetProxy = D92172671EB14764001E353A /* PBXContainerItemProxy */;
		};
/* End PBXTargetDependency section */

/* Begin PBXVariantGroup section */
		D92172561EB14764001E353A /* Main.storyboard */ = {
			isa = PBXVariantGroup;
			children = (
				D92172571EB14764001E353A /* Base */,
			);
			name = Main.storyboard;
			sourceTree = "<group>";
		};
		D921725E1EB14764001E353A /* LaunchScreen.storyboard */ = {
			isa = PBXVariantGroup;
			children = (
				D921725F1EB14764001E353A /* Base */,
			);
			name = LaunchScreen.storyboard;
			sourceTree = "<group>";
		};
/* End PBXVariantGroup section */

/* Begin XCBuildConfiguration section */
		D921726D1EB14764001E353A /* Debug */ = {
			isa = XCBuildConfiguration;
			buildSettings = {
				ALWAYS_SEARCH_USER_PATHS = NO;
				CLANG_ANALYZER_NONNULL = YES;
				CLANG_ANALYZER_NUMBER_OBJECT_CONVERSION = YES_AGGRESSIVE;
				CLANG_CXX_LANGUAGE_STANDARD = "gnu++0x";
				CLANG_CXX_LIBRARY = "libc++";
				CLANG_ENABLE_MODULES = YES;
				CLANG_ENABLE_OBJC_ARC = YES;
				CLANG_WARN_BOOL_CONVERSION = YES;
				CLANG_WARN_CONSTANT_CONVERSION = YES;
				CLANG_WARN_DIRECT_OBJC_ISA_USAGE = YES_ERROR;
				CLANG_WARN_DOCUMENTATION_COMMENTS = YES;
				CLANG_WARN_EMPTY_BODY = YES;
				CLANG_WARN_ENUM_CONVERSION = YES;
				CLANG_WARN_INFINITE_RECURSION = YES;
				CLANG_WARN_INT_CONVERSION = YES;
				CLANG_WARN_OBJC_ROOT_CLASS = YES_ERROR;
				CLANG_WARN_SUSPICIOUS_MOVE = YES;
				CLANG_WARN_UNREACHABLE_CODE = YES;
				CLANG_WARN__DUPLICATE_METHOD_MATCH = YES;
				"CODE_SIGN_IDENTITY[sdk=iphoneos*]" = "iPhone Developer";
				COPY_PHASE_STRIP = NO;
				DEBUG_INFORMATION_FORMAT = dwarf;
				ENABLE_STRICT_OBJC_MSGSEND = YES;
				ENABLE_TESTABILITY = YES;
				GCC_C_LANGUAGE_STANDARD = gnu99;
				GCC_DYNAMIC_NO_PIC = NO;
				GCC_NO_COMMON_BLOCKS = YES;
				GCC_OPTIMIZATION_LEVEL = 0;
				GCC_PREPROCESSOR_DEFINITIONS = (
					"DEBUG=1",
					"$(inherited)",
				);
				GCC_WARN_64_TO_32_BIT_CONVERSION = YES;
				GCC_WARN_ABOUT_RETURN_TYPE = YES_ERROR;
				GCC_WARN_UNDECLARED_SELECTOR = YES;
				GCC_WARN_UNINITIALIZED_AUTOS = YES_AGGRESSIVE;
				GCC_WARN_UNUSED_FUNCTION = YES;
				GCC_WARN_UNUSED_VARIABLE = YES;
				IPHONEOS_DEPLOYMENT_TARGET = 10.3;
				MTL_ENABLE_DEBUG_INFO = YES;
				ONLY_ACTIVE_ARCH = YES;
				SDKROOT = iphoneos;
				SWIFT_ACTIVE_COMPILATION_CONDITIONS = DEBUG;
				SWIFT_OPTIMIZATION_LEVEL = "-Onone";
			};
			name = Debug;
		};
		D921726E1EB14764001E353A /* Release */ = {
			isa = XCBuildConfiguration;
			buildSettings = {
				ALWAYS_SEARCH_USER_PATHS = NO;
				CLANG_ANALYZER_NONNULL = YES;
				CLANG_ANALYZER_NUMBER_OBJECT_CONVERSION = YES_AGGRESSIVE;
				CLANG_CXX_LANGUAGE_STANDARD = "gnu++0x";
				CLANG_CXX_LIBRARY = "libc++";
				CLANG_ENABLE_MODULES = YES;
				CLANG_ENABLE_OBJC_ARC = YES;
				CLANG_WARN_BOOL_CONVERSION = YES;
				CLANG_WARN_CONSTANT_CONVERSION = YES;
				CLANG_WARN_DIRECT_OBJC_ISA_USAGE = YES_ERROR;
				CLANG_WARN_DOCUMENTATION_COMMENTS = YES;
				CLANG_WARN_EMPTY_BODY = YES;
				CLANG_WARN_ENUM_CONVERSION = YES;
				CLANG_WARN_INFINITE_RECURSION = YES;
				CLANG_WARN_INT_CONVERSION = YES;
				CLANG_WARN_OBJC_ROOT_CLASS = YES_ERROR;
				CLANG_WARN_SUSPICIOUS_MOVE = YES;
				CLANG_WARN_UNREACHABLE_CODE = YES;
				CLANG_WARN__DUPLICATE_METHOD_MATCH = YES;
				"CODE_SIGN_IDENTITY[sdk=iphoneos*]" = "iPhone Developer";
				COPY_PHASE_STRIP = NO;
				DEBUG_INFORMATION_FORMAT = "dwarf-with-dsym";
				ENABLE_NS_ASSERTIONS = NO;
				ENABLE_STRICT_OBJC_MSGSEND = YES;
				GCC_C_LANGUAGE_STANDARD = gnu99;
				GCC_NO_COMMON_BLOCKS = YES;
				GCC_WARN_64_TO_32_BIT_CONVERSION = YES;
				GCC_WARN_ABOUT_RETURN_TYPE = YES_ERROR;
				GCC_WARN_UNDECLARED_SELECTOR = YES;
				GCC_WARN_UNINITIALIZED_AUTOS = YES_AGGRESSIVE;
				GCC_WARN_UNUSED_FUNCTION = YES;
				GCC_WARN_UNUSED_VARIABLE = YES;
				IPHONEOS_DEPLOYMENT_TARGET = 10.3;
				MTL_ENABLE_DEBUG_INFO = NO;
				SDKROOT = iphoneos;
				SWIFT_OPTIMIZATION_LEVEL = "-Owholemodule";
				VALIDATE_PRODUCT = YES;
			};
			name = Release;
		};
		D92172701EB14764001E353A /* Debug */ = {
			isa = XCBuildConfiguration;
			buildSettings = {
				ASSETCATALOG_COMPILER_APPICON_NAME = AppIcon;
				DEVELOPMENT_TEAM = X557HAPU2P;
				INFOPLIST_FILE = DollarAndADream/Info.plist;
				IPHONEOS_DEPLOYMENT_TARGET = 10.0;
				LD_RUNPATH_SEARCH_PATHS = "$(inherited) @executable_path/Frameworks";
				PRODUCT_BUNDLE_IDENTIFIER = com.DollarDream.DollarAndADream;
				PRODUCT_NAME = "$(TARGET_NAME)";
				SWIFT_VERSION = 3.0;
			};
			name = Debug;
		};
		D92172711EB14764001E353A /* Release */ = {
			isa = XCBuildConfiguration;
			buildSettings = {
				ASSETCATALOG_COMPILER_APPICON_NAME = AppIcon;
				DEVELOPMENT_TEAM = X557HAPU2P;
				INFOPLIST_FILE = DollarAndADream/Info.plist;
				IPHONEOS_DEPLOYMENT_TARGET = 10.0;
				LD_RUNPATH_SEARCH_PATHS = "$(inherited) @executable_path/Frameworks";
				PRODUCT_BUNDLE_IDENTIFIER = com.DollarDream.DollarAndADream;
				PRODUCT_NAME = "$(TARGET_NAME)";
				SWIFT_VERSION = 3.0;
			};
			name = Release;
		};
		D92172731EB14764001E353A /* Debug */ = {
			isa = XCBuildConfiguration;
			buildSettings = {
				ALWAYS_EMBED_SWIFT_STANDARD_LIBRARIES = YES;
				BUNDLE_LOADER = "$(TEST_HOST)";
				DEVELOPMENT_TEAM = X557HAPU2P;
				INFOPLIST_FILE = DollarAndADreamTests/Info.plist;
				LD_RUNPATH_SEARCH_PATHS = "$(inherited) @executable_path/Frameworks @loader_path/Frameworks";
				PRODUCT_BUNDLE_IDENTIFIER = com.DollarDream.DollarAndADreamTests;
				PRODUCT_NAME = "$(TARGET_NAME)";
				SWIFT_VERSION = 3.0;
				TEST_HOST = "$(BUILT_PRODUCTS_DIR)/DollarAndADream.app/DollarAndADream";
			};
			name = Debug;
		};
		D92172741EB14764001E353A /* Release */ = {
			isa = XCBuildConfiguration;
			buildSettings = {
				ALWAYS_EMBED_SWIFT_STANDARD_LIBRARIES = YES;
				BUNDLE_LOADER = "$(TEST_HOST)";
				DEVELOPMENT_TEAM = X557HAPU2P;
				INFOPLIST_FILE = DollarAndADreamTests/Info.plist;
				LD_RUNPATH_SEARCH_PATHS = "$(inherited) @executable_path/Frameworks @loader_path/Frameworks";
				PRODUCT_BUNDLE_IDENTIFIER = com.DollarDream.DollarAndADreamTests;
				PRODUCT_NAME = "$(TARGET_NAME)";
				SWIFT_VERSION = 3.0;
				TEST_HOST = "$(BUILT_PRODUCTS_DIR)/DollarAndADream.app/DollarAndADream";
			};
			name = Release;
		};
/* End XCBuildConfiguration section */

/* Begin XCConfigurationList section */
		D921724A1EB14764001E353A /* Build configuration list for PBXProject "DollarAndADream" */ = {
			isa = XCConfigurationList;
			buildConfigurations = (
				D921726D1EB14764001E353A /* Debug */,
				D921726E1EB14764001E353A /* Release */,
			);
			defaultConfigurationIsVisible = 0;
			defaultConfigurationName = Release;
		};
		D921726F1EB14764001E353A /* Build configuration list for PBXNativeTarget "DollarAndADream" */ = {
			isa = XCConfigurationList;
			buildConfigurations = (
				D92172701EB14764001E353A /* Debug */,
				D92172711EB14764001E353A /* Release */,
			);
			defaultConfigurationIsVisible = 0;
		};
		D92172721EB14764001E353A /* Build configuration list for PBXNativeTarget "DollarAndADreamTests" */ = {
			isa = XCConfigurationList;
			buildConfigurations = (
				D92172731EB14764001E353A /* Debug */,
				D92172741EB14764001E353A /* Release */,
			);
			defaultConfigurationIsVisible = 0;
		};
/* End XCConfigurationList section */

/* Begin XCVersionGroup section */
		D92172591EB14764001E353A /* DollarAndADream.xcdatamodeld */ = {
			isa = XCVersionGroup;
			children = (
				D921725A1EB14764001E353A /* DollarAndADream.xcdatamodel */,
			);
			currentVersion = D921725A1EB14764001E353A /* DollarAndADream.xcdatamodel */;
			path = DollarAndADream.xcdatamodeld;
			sourceTree = "<group>";
			versionGroupType = wrapper.xcdatamodel;
		};
/* End XCVersionGroup section */
	};
	rootObject = D92172471EB14764001E353A /* Project object */;
}
