// !$*UTF8*$!
{
	archiveVersion = 1;
	classes = {
	};
	objectVersion = 46;
	objects = {

/* Begin PBXBuildFile section */
		D904B1531EC15D9D006525C1 /* CoreLocation.framework in Frameworks */ = {isa = PBXBuildFile; fileRef = D904B1521EC15D9D006525C1 /* CoreLocation.framework */; };
		D904B1551EC15DA7006525C1 /* MapKit.framework in Frameworks */ = {isa = PBXBuildFile; fileRef = D904B1541EC15DA7006525C1 /* MapKit.framework */; };
		D904B1571EC15F75006525C1 /* DDMapViewController.swift in Sources */ = {isa = PBXBuildFile; fileRef = D904B1561EC15F75006525C1 /* DDMapViewController.swift */; };
		D904B15B1EC165D8006525C1 /* DDSettingsTableViewController.swift in Sources */ = {isa = PBXBuildFile; fileRef = D904B15A1EC165D8006525C1 /* DDSettingsTableViewController.swift */; };
		D904B15C1EC165D8006525C1 /* DDSettingsTableViewController.swift in Sources */ = {isa = PBXBuildFile; fileRef = D904B15A1EC165D8006525C1 /* DDSettingsTableViewController.swift */; };
		D92172531EB14764001E353A /* AppDelegate.swift in Sources */ = {isa = PBXBuildFile; fileRef = D92172521EB14764001E353A /* AppDelegate.swift */; };
		D92172581EB14764001E353A /* Main.storyboard in Resources */ = {isa = PBXBuildFile; fileRef = D92172561EB14764001E353A /* Main.storyboard */; };
		D921725B1EB14764001E353A /* DollarAndADream.xcdatamodeld in Sources */ = {isa = PBXBuildFile; fileRef = D92172591EB14764001E353A /* DollarAndADream.xcdatamodeld */; };
		D921725D1EB14764001E353A /* Assets.xcassets in Resources */ = {isa = PBXBuildFile; fileRef = D921725C1EB14764001E353A /* Assets.xcassets */; };
		D92172601EB14764001E353A /* LaunchScreen.storyboard in Resources */ = {isa = PBXBuildFile; fileRef = D921725E1EB14764001E353A /* LaunchScreen.storyboard */; };
		D921726B1EB14764001E353A /* DollarAndADreamTests.swift in Sources */ = {isa = PBXBuildFile; fileRef = D921726A1EB14764001E353A /* DollarAndADreamTests.swift */; };
		D92172761EB14910001E353A /* DDLoginViewController.swift in Sources */ = {isa = PBXBuildFile; fileRef = D92172751EB14910001E353A /* DDLoginViewController.swift */; };
		D92172771EB14910001E353A /* DDLoginViewController.swift in Sources */ = {isa = PBXBuildFile; fileRef = D92172751EB14910001E353A /* DDLoginViewController.swift */; };
		D92172791EB14934001E353A /* DDSignUpViewController.swift in Sources */ = {isa = PBXBuildFile; fileRef = D92172781EB14934001E353A /* DDSignUpViewController.swift */; };
		D921727A1EB14934001E353A /* DDSignUpViewController.swift in Sources */ = {isa = PBXBuildFile; fileRef = D92172781EB14934001E353A /* DDSignUpViewController.swift */; };
		D921727C1EB14964001E353A /* DDHomeViewController.swift in Sources */ = {isa = PBXBuildFile; fileRef = D921727B1EB14964001E353A /* DDHomeViewController.swift */; };
		D921727D1EB14964001E353A /* DDHomeViewController.swift in Sources */ = {isa = PBXBuildFile; fileRef = D921727B1EB14964001E353A /* DDHomeViewController.swift */; };
		D921727F1EB14989001E353A /* DDSendViewController.swift in Sources */ = {isa = PBXBuildFile; fileRef = D921727E1EB14989001E353A /* DDSendViewController.swift */; };
		D92172801EB14989001E353A /* DDSendViewController.swift in Sources */ = {isa = PBXBuildFile; fileRef = D921727E1EB14989001E353A /* DDSendViewController.swift */; };
		D9322F481EF3987A005CAFF3 /* DDQuickSendViewController.xib in Resources */ = {isa = PBXBuildFile; fileRef = D9322F471EF3987A005CAFF3 /* DDQuickSendViewController.xib */; };
		D9322F491EF3987A005CAFF3 /* DDQuickSendViewController.xib in Resources */ = {isa = PBXBuildFile; fileRef = D9322F471EF3987A005CAFF3 /* DDQuickSendViewController.xib */; };
		D9322F4B1EF3BA1D005CAFF3 /* DDRecTypeSelectionViewController.swift in Sources */ = {isa = PBXBuildFile; fileRef = D9322F4A1EF3BA1D005CAFF3 /* DDRecTypeSelectionViewController.swift */; };
		D9322F4C1EF3BA1D005CAFF3 /* DDRecTypeSelectionViewController.swift in Sources */ = {isa = PBXBuildFile; fileRef = D9322F4A1EF3BA1D005CAFF3 /* DDRecTypeSelectionViewController.swift */; };
		D9322F511EF3C298005CAFF3 /* DDRecTypeSelectionViewController.xib in Resources */ = {isa = PBXBuildFile; fileRef = D9322F501EF3C298005CAFF3 /* DDRecTypeSelectionViewController.xib */; };
		D9322F521EF3C298005CAFF3 /* DDRecTypeSelectionViewController.xib in Resources */ = {isa = PBXBuildFile; fileRef = D9322F501EF3C298005CAFF3 /* DDRecTypeSelectionViewController.xib */; };
		D93B7C861ED5233C0080F3A0 /* DDQuickSendModalViewController.swift in Sources */ = {isa = PBXBuildFile; fileRef = D93B7C851ED5233C0080F3A0 /* DDQuickSendModalViewController.swift */; };
		D93B7C871ED5233C0080F3A0 /* DDQuickSendModalViewController.swift in Sources */ = {isa = PBXBuildFile; fileRef = D93B7C851ED5233C0080F3A0 /* DDQuickSendModalViewController.swift */; };
		D94E7BBF1EBA19BC00042B2C /* DDReceivedTableViewController.swift in Sources */ = {isa = PBXBuildFile; fileRef = D94E7BBE1EBA19BC00042B2C /* DDReceivedTableViewController.swift */; };
		D94E7BC01EBA19BC00042B2C /* DDReceivedTableViewController.swift in Sources */ = {isa = PBXBuildFile; fileRef = D94E7BBE1EBA19BC00042B2C /* DDReceivedTableViewController.swift */; };
		D94E7BC21EBA19D500042B2C /* DDFavesTableViewController.swift in Sources */ = {isa = PBXBuildFile; fileRef = D94E7BC11EBA19D500042B2C /* DDFavesTableViewController.swift */; };
		D94E7BC31EBA19D500042B2C /* DDFavesTableViewController.swift in Sources */ = {isa = PBXBuildFile; fileRef = D94E7BC11EBA19D500042B2C /* DDFavesTableViewController.swift */; };
		D94E7BC51EBA1A9B00042B2C /* PKSwipeTableViewCell.swift in Sources */ = {isa = PBXBuildFile; fileRef = D94E7BC41EBA1A9B00042B2C /* PKSwipeTableViewCell.swift */; };
		D94E7BC61EBA1A9B00042B2C /* PKSwipeTableViewCell.swift in Sources */ = {isa = PBXBuildFile; fileRef = D94E7BC41EBA1A9B00042B2C /* PKSwipeTableViewCell.swift */; };
		D9618E421EB792DA00074CDC /* UIViewControllerExtension.swift in Sources */ = {isa = PBXBuildFile; fileRef = D9618E411EB792DA00074CDC /* UIViewControllerExtension.swift */; };
		D9618E431EB792DA00074CDC /* UIViewControllerExtension.swift in Sources */ = {isa = PBXBuildFile; fileRef = D9618E411EB792DA00074CDC /* UIViewControllerExtension.swift */; };
		D9618E451EB8BBFF00074CDC /* GrandHotel-Regular.otf in Resources */ = {isa = PBXBuildFile; fileRef = D9618E441EB8BBFF00074CDC /* GrandHotel-Regular.otf */; };
		D9618E481EB8C17100074CDC /* Glegoo-Bold.ttf in Resources */ = {isa = PBXBuildFile; fileRef = D9618E461EB8C17100074CDC /* Glegoo-Bold.ttf */; };
		D9618E491EB8C17100074CDC /* Glegoo-Regular.ttf in Resources */ = {isa = PBXBuildFile; fileRef = D9618E471EB8C17100074CDC /* Glegoo-Regular.ttf */; };
		D974EB831EE317F500ADA6B3 /* DDUtils.swift in Sources */ = {isa = PBXBuildFile; fileRef = D974EB821EE317F500ADA6B3 /* DDUtils.swift */; };
		D974EB841EE317F500ADA6B3 /* DDUtils.swift in Sources */ = {isa = PBXBuildFile; fileRef = D974EB821EE317F500ADA6B3 /* DDUtils.swift */; };
		D974EB861EE32BDE00ADA6B3 /* DDQuickSendViewController.swift in Sources */ = {isa = PBXBuildFile; fileRef = D974EB851EE32BDE00ADA6B3 /* DDQuickSendViewController.swift */; };
		D974EB871EE32BDE00ADA6B3 /* DDQuickSendViewController.swift in Sources */ = {isa = PBXBuildFile; fileRef = D974EB851EE32BDE00ADA6B3 /* DDQuickSendViewController.swift */; };
/* End PBXBuildFile section */

/* Begin PBXContainerItemProxy section */
		D92172671EB14764001E353A /* PBXContainerItemProxy */ = {
			isa = PBXContainerItemProxy;
			containerPortal = D92172471EB14764001E353A /* Project object */;
			proxyType = 1;
			remoteGlobalIDString = D921724E1EB14764001E353A;
			remoteInfo = DollarAndADream;
		};
/* End PBXContainerItemProxy section */

/* Begin PBXFileReference section */
		D904B1521EC15D9D006525C1 /* CoreLocation.framework */ = {isa = PBXFileReference; lastKnownFileType = wrapper.framework; name = CoreLocation.framework; path = System/Library/Frameworks/CoreLocation.framework; sourceTree = SDKROOT; };
		D904B1541EC15DA7006525C1 /* MapKit.framework */ = {isa = PBXFileReference; lastKnownFileType = wrapper.framework; name = MapKit.framework; path = System/Library/Frameworks/MapKit.framework; sourceTree = SDKROOT; };
		D904B1561EC15F75006525C1 /* DDMapViewController.swift */ = {isa = PBXFileReference; fileEncoding = 4; lastKnownFileType = sourcecode.swift; path = DDMapViewController.swift; sourceTree = "<group>"; };
		D904B15A1EC165D8006525C1 /* DDSettingsTableViewController.swift */ = {isa = PBXFileReference; fileEncoding = 4; lastKnownFileType = sourcecode.swift; path = DDSettingsTableViewController.swift; sourceTree = "<group>"; };
		D921724F1EB14764001E353A /* DollarAndADream.app */ = {isa = PBXFileReference; explicitFileType = wrapper.application; includeInIndex = 0; path = DollarAndADream.app; sourceTree = BUILT_PRODUCTS_DIR; };
		D92172521EB14764001E353A /* AppDelegate.swift */ = {isa = PBXFileReference; lastKnownFileType = sourcecode.swift; path = AppDelegate.swift; sourceTree = "<group>"; };
		D92172571EB14764001E353A /* Base */ = {isa = PBXFileReference; lastKnownFileType = file.storyboard; name = Base; path = Base.lproj/Main.storyboard; sourceTree = "<group>"; };
		D921725A1EB14764001E353A /* DollarAndADream.xcdatamodel */ = {isa = PBXFileReference; lastKnownFileType = wrapper.xcdatamodel; path = DollarAndADream.xcdatamodel; sourceTree = "<group>"; };
		D921725C1EB14764001E353A /* Assets.xcassets */ = {isa = PBXFileReference; lastKnownFileType = folder.assetcatalog; path = Assets.xcassets; sourceTree = "<group>"; };
		D921725F1EB14764001E353A /* Base */ = {isa = PBXFileReference; lastKnownFileType = file.storyboard; name = Base; path = Base.lproj/LaunchScreen.storyboard; sourceTree = "<group>"; };
		D92172611EB14764001E353A /* Info.plist */ = {isa = PBXFileReference; lastKnownFileType = text.plist.xml; path = Info.plist; sourceTree = "<group>"; };
		D92172661EB14764001E353A /* DollarAndADreamTests.xctest */ = {isa = PBXFileReference; explicitFileType = wrapper.cfbundle; includeInIndex = 0; path = DollarAndADreamTests.xctest; sourceTree = BUILT_PRODUCTS_DIR; };
		D921726A1EB14764001E353A /* DollarAndADreamTests.swift */ = {isa = PBXFileReference; lastKnownFileType = sourcecode.swift; path = DollarAndADreamTests.swift; sourceTree = "<group>"; };
		D921726C1EB14764001E353A /* Info.plist */ = {isa = PBXFileReference; lastKnownFileType = text.plist.xml; path = Info.plist; sourceTree = "<group>"; };
		D92172751EB14910001E353A /* DDLoginViewController.swift */ = {isa = PBXFileReference; fileEncoding = 4; lastKnownFileType = sourcecode.swift; path = DDLoginViewController.swift; sourceTree = "<group>"; };
		D92172781EB14934001E353A /* DDSignUpViewController.swift */ = {isa = PBXFileReference; fileEncoding = 4; lastKnownFileType = sourcecode.swift; path = DDSignUpViewController.swift; sourceTree = "<group>"; };
		D921727B1EB14964001E353A /* DDHomeViewController.swift */ = {isa = PBXFileReference; fileEncoding = 4; lastKnownFileType = sourcecode.swift; path = DDHomeViewController.swift; sourceTree = "<group>"; };
		D921727E1EB14989001E353A /* DDSendViewController.swift */ = {isa = PBXFileReference; fileEncoding = 4; lastKnownFileType = sourcecode.swift; path = DDSendViewController.swift; sourceTree = "<group>"; };
		D9322F471EF3987A005CAFF3 /* DDQuickSendViewController.xib */ = {isa = PBXFileReference; fileEncoding = 4; lastKnownFileType = file.xib; path = DDQuickSendViewController.xib; sourceTree = "<group>"; };
		D9322F4A1EF3BA1D005CAFF3 /* DDRecTypeSelectionViewController.swift */ = {isa = PBXFileReference; fileEncoding = 4; lastKnownFileType = sourcecode.swift; path = DDRecTypeSelectionViewController.swift; sourceTree = "<group>"; };
		D9322F501EF3C298005CAFF3 /* DDRecTypeSelectionViewController.xib */ = {isa = PBXFileReference; fileEncoding = 4; lastKnownFileType = file.xib; path = DDRecTypeSelectionViewController.xib; sourceTree = "<group>"; };
		D93B7C851ED5233C0080F3A0 /* DDQuickSendModalViewController.swift */ = {isa = PBXFileReference; fileEncoding = 4; lastKnownFileType = sourcecode.swift; path = DDQuickSendModalViewController.swift; sourceTree = "<group>"; };
		D94E7BBE1EBA19BC00042B2C /* DDReceivedTableViewController.swift */ = {isa = PBXFileReference; fileEncoding = 4; lastKnownFileType = sourcecode.swift; path = DDReceivedTableViewController.swift; sourceTree = "<group>"; };
		D94E7BC11EBA19D500042B2C /* DDFavesTableViewController.swift */ = {isa = PBXFileReference; fileEncoding = 4; lastKnownFileType = sourcecode.swift; path = DDFavesTableViewController.swift; sourceTree = "<group>"; };
		D94E7BC41EBA1A9B00042B2C /* PKSwipeTableViewCell.swift */ = {isa = PBXFileReference; fileEncoding = 4; lastKnownFileType = sourcecode.swift; path = PKSwipeTableViewCell.swift; sourceTree = "<group>"; };
		D9618E411EB792DA00074CDC /* UIViewControllerExtension.swift */ = {isa = PBXFileReference; fileEncoding = 4; lastKnownFileType = sourcecode.swift; path = UIViewControllerExtension.swift; sourceTree = "<group>"; };
		D9618E441EB8BBFF00074CDC /* GrandHotel-Regular.otf */ = {isa = PBXFileReference; lastKnownFileType = file; path = "GrandHotel-Regular.otf"; sourceTree = "<group>"; };
		D9618E461EB8C17100074CDC /* Glegoo-Bold.ttf */ = {isa = PBXFileReference; lastKnownFileType = file; path = "Glegoo-Bold.ttf"; sourceTree = "<group>"; };
		D9618E471EB8C17100074CDC /* Glegoo-Regular.ttf */ = {isa = PBXFileReference; lastKnownFileType = file; path = "Glegoo-Regular.ttf"; sourceTree = "<group>"; };
		D974EB821EE317F500ADA6B3 /* DDUtils.swift */ = {isa = PBXFileReference; fileEncoding = 4; lastKnownFileType = sourcecode.swift; path = DDUtils.swift; sourceTree = "<group>"; };
		D974EB851EE32BDE00ADA6B3 /* DDQuickSendViewController.swift */ = {isa = PBXFileReference; fileEncoding = 4; lastKnownFileType = sourcecode.swift; path = DDQuickSendViewController.swift; sourceTree = "<group>"; };
/* End PBXFileReference section */

/* Begin PBXFrameworksBuildPhase section */
		D921724C1EB14764001E353A /* Frameworks */ = {
			isa = PBXFrameworksBuildPhase;
			buildActionMask = 2147483647;
			files = (
				D904B1551EC15DA7006525C1 /* MapKit.framework in Frameworks */,
				D904B1531EC15D9D006525C1 /* CoreLocation.framework in Frameworks */,
			);
			runOnlyForDeploymentPostprocessing = 0;
		};
		D92172631EB14764001E353A /* Frameworks */ = {
			isa = PBXFrameworksBuildPhase;
			buildActionMask = 2147483647;
			files = (
			);
			runOnlyForDeploymentPostprocessing = 0;
		};
/* End PBXFrameworksBuildPhase section */

/* Begin PBXGroup section */
		D904B1511EC15D9D006525C1 /* Frameworks */ = {
			isa = PBXGroup;
			children = (
				D904B1541EC15DA7006525C1 /* MapKit.framework */,
				D904B1521EC15D9D006525C1 /* CoreLocation.framework */,
			);
			name = Frameworks;
			sourceTree = "<group>";
		};
		D92172461EB14764001E353A = {
			isa = PBXGroup;
			children = (
				D92172511EB14764001E353A /* DollarAndADream */,
				D92172691EB14764001E353A /* DollarAndADreamTests */,
				D92172501EB14764001E353A /* Products */,
				D904B1511EC15D9D006525C1 /* Frameworks */,
			);
			sourceTree = "<group>";
		};
		D92172501EB14764001E353A /* Products */ = {
			isa = PBXGroup;
			children = (
				D921724F1EB14764001E353A /* DollarAndADream.app */,
				D92172661EB14764001E353A /* DollarAndADreamTests.xctest */,
			);
			name = Products;
			sourceTree = "<group>";
		};
		D92172511EB14764001E353A /* DollarAndADream */ = {
			isa = PBXGroup;
			children = (
				D92172521EB14764001E353A /* AppDelegate.swift */,
				D974EB821EE317F500ADA6B3 /* DDUtils.swift */,
				D92172751EB14910001E353A /* DDLoginViewController.swift */,
				D9322F4A1EF3BA1D005CAFF3 /* DDRecTypeSelectionViewController.swift */,
				D9322F501EF3C298005CAFF3 /* DDRecTypeSelectionViewController.xib */,
				D9618E411EB792DA00074CDC /* UIViewControllerExtension.swift */,
				D92172781EB14934001E353A /* DDSignUpViewController.swift */,
				D921727B1EB14964001E353A /* DDHomeViewController.swift */,
				D921727E1EB14989001E353A /* DDSendViewController.swift */,
				D974EB851EE32BDE00ADA6B3 /* DDQuickSendViewController.swift */,
				D9322F471EF3987A005CAFF3 /* DDQuickSendViewController.xib */,
				D92172561EB14764001E353A /* Main.storyboard */,
				D93B7C851ED5233C0080F3A0 /* DDQuickSendModalViewController.swift */,
				D904B15A1EC165D8006525C1 /* DDSettingsTableViewController.swift */,
				D904B1561EC15F75006525C1 /* DDMapViewController.swift */,
				D94E7BC41EBA1A9B00042B2C /* PKSwipeTableViewCell.swift */,
				D94E7BBE1EBA19BC00042B2C /* DDReceivedTableViewController.swift */,
				D94E7BC11EBA19D500042B2C /* DDFavesTableViewController.swift */,
				D9618E4A1EB8C1BC00074CDC /* Fonts */,
				D921725C1EB14764001E353A /* Assets.xcassets */,
				D921725E1EB14764001E353A /* LaunchScreen.storyboard */,
				D92172611EB14764001E353A /* Info.plist */,
				D92172591EB14764001E353A /* DollarAndADream.xcdatamodeld */,
			);
			path = DollarAndADream;
			sourceTree = "<group>";
		};
		D92172691EB14764001E353A /* DollarAndADreamTests */ = {
			isa = PBXGroup;
			children = (
				D921726A1EB14764001E353A /* DollarAndADreamTests.swift */,
				D921726C1EB14764001E353A /* Info.plist */,
			);
			path = DollarAndADreamTests;
			sourceTree = "<group>";
		};
		D9618E4A1EB8C1BC00074CDC /* Fonts */ = {
			isa = PBXGroup;
			children = (
				D9618E461EB8C17100074CDC /* Glegoo-Bold.ttf */,
				D9618E471EB8C17100074CDC /* Glegoo-Regular.ttf */,
				D9618E441EB8BBFF00074CDC /* GrandHotel-Regular.otf */,
			);
			name = Fonts;
			sourceTree = "<group>";
		};
/* End PBXGroup section */

/* Begin PBXNativeTarget section */
		D921724E1EB14764001E353A /* DollarAndADream */ = {
			isa = PBXNativeTarget;
			buildConfigurationList = D921726F1EB14764001E353A /* Build configuration list for PBXNativeTarget "DollarAndADream" */;
			buildPhases = (
				D921724B1EB14764001E353A /* Sources */,
				D921724C1EB14764001E353A /* Frameworks */,
				D921724D1EB14764001E353A /* Resources */,
			);
			buildRules = (
			);
			dependencies = (
			);
			name = DollarAndADream;
			productName = DollarAndADream;
			productReference = D921724F1EB14764001E353A /* DollarAndADream.app */;
			productType = "com.apple.product-type.application";
		};
		D92172651EB14764001E353A /* DollarAndADreamTests */ = {
			isa = PBXNativeTarget;
			buildConfigurationList = D92172721EB14764001E353A /* Build configuration list for PBXNativeTarget "DollarAndADreamTests" */;
			buildPhases = (
				D92172621EB14764001E353A /* Sources */,
				D92172631EB14764001E353A /* Frameworks */,
				D92172641EB14764001E353A /* Resources */,
			);
			buildRules = (
			);
			dependencies = (
				D92172681EB14764001E353A /* PBXTargetDependency */,
			);
			name = DollarAndADreamTests;
			productName = DollarAndADreamTests;
			productReference = D92172661EB14764001E353A /* DollarAndADreamTests.xctest */;
			productType = "com.apple.product-type.bundle.unit-test";
		};
/* End PBXNativeTarget section */

/* Begin PBXProject section */
		D92172471EB14764001E353A /* Project object */ = {
			isa = PBXProject;
			attributes = {
				LastSwiftUpdateCheck = 0830;
				LastUpgradeCheck = 0910;
				ORGANIZATIONNAME = "Dollar & a Dream LLC";
				TargetAttributes = {
					D921724E1EB14764001E353A = {
						CreatedOnToolsVersion = 8.3.2;
						DevelopmentTeam = X557HAPU2P;
						LastSwiftMigration = 0910;
						ProvisioningStyle = Manual;
					};
					D92172651EB14764001E353A = {
						CreatedOnToolsVersion = 8.3.2;
						DevelopmentTeam = X557HAPU2P;
						LastSwiftMigration = 0910;
						ProvisioningStyle = Automatic;
						TestTargetID = D921724E1EB14764001E353A;
					};
				};
			};
			buildConfigurationList = D921724A1EB14764001E353A /* Build configuration list for PBXProject "DollarAndADream" */;
			compatibilityVersion = "Xcode 3.2";
			developmentRegion = English;
			hasScannedForEncodings = 0;
			knownRegions = (
				en,
				Base,
			);
			mainGroup = D92172461EB14764001E353A;
			productRefGroup = D92172501EB14764001E353A /* Products */;
			projectDirPath = "";
			projectRoot = "";
			targets = (
				D921724E1EB14764001E353A /* DollarAndADream */,
				D92172651EB14764001E353A /* DollarAndADreamTests */,
			);
		};
/* End PBXProject section */

/* Begin PBXResourcesBuildPhase section */
		D921724D1EB14764001E353A /* Resources */ = {
			isa = PBXResourcesBuildPhase;
			buildActionMask = 2147483647;
			files = (
				D9618E451EB8BBFF00074CDC /* GrandHotel-Regular.otf in Resources */,
				D92172601EB14764001E353A /* LaunchScreen.storyboard in Resources */,
				D9322F481EF3987A005CAFF3 /* DDQuickSendViewController.xib in Resources */,
				D921725D1EB14764001E353A /* Assets.xcassets in Resources */,
				D92172581EB14764001E353A /* Main.storyboard in Resources */,
				D9618E491EB8C17100074CDC /* Glegoo-Regular.ttf in Resources */,
				D9322F511EF3C298005CAFF3 /* DDRecTypeSelectionViewController.xib in Resources */,
				D9618E481EB8C17100074CDC /* Glegoo-Bold.ttf in Resources */,
			);
			runOnlyForDeploymentPostprocessing = 0;
		};
		D92172641EB14764001E353A /* Resources */ = {
			isa = PBXResourcesBuildPhase;
			buildActionMask = 2147483647;
			files = (
				D9322F521EF3C298005CAFF3 /* DDRecTypeSelectionViewController.xib in Resources */,
				D9322F491EF3987A005CAFF3 /* DDQuickSendViewController.xib in Resources */,
			);
			runOnlyForDeploymentPostprocessing = 0;
		};
/* End PBXResourcesBuildPhase section */

/* Begin PBXSourcesBuildPhase section */
		D921724B1EB14764001E353A /* Sources */ = {
			isa = PBXSourcesBuildPhase;
			buildActionMask = 2147483647;
			files = (
				D921725B1EB14764001E353A /* DollarAndADream.xcdatamodeld in Sources */,
				D904B1571EC15F75006525C1 /* DDMapViewController.swift in Sources */,
				D921727C1EB14964001E353A /* DDHomeViewController.swift in Sources */,
				D921727F1EB14989001E353A /* DDSendViewController.swift in Sources */,
				D94E7BC51EBA1A9B00042B2C /* PKSwipeTableViewCell.swift in Sources */,
				D92172761EB14910001E353A /* DDLoginViewController.swift in Sources */,
				D904B15B1EC165D8006525C1 /* DDSettingsTableViewController.swift in Sources */,
				D94E7BBF1EBA19BC00042B2C /* DDReceivedTableViewController.swift in Sources */,
				D94E7BC21EBA19D500042B2C /* DDFavesTableViewController.swift in Sources */,
				D974EB861EE32BDE00ADA6B3 /* DDQuickSendViewController.swift in Sources */,
				D9322F4B1EF3BA1D005CAFF3 /* DDRecTypeSelectionViewController.swift in Sources */,
				D92172791EB14934001E353A /* DDSignUpViewController.swift in Sources */,
				D9618E421EB792DA00074CDC /* UIViewControllerExtension.swift in Sources */,
				D92172531EB14764001E353A /* AppDelegate.swift in Sources */,
				D93B7C861ED5233C0080F3A0 /* DDQuickSendModalViewController.swift in Sources */,
				D974EB831EE317F500ADA6B3 /* DDUtils.swift in Sources */,
			);
			runOnlyForDeploymentPostprocessing = 0;
		};
		D92172621EB14764001E353A /* Sources */ = {
			isa = PBXSourcesBuildPhase;
			buildActionMask = 2147483647;
			files = (
				D904B15C1EC165D8006525C1 /* DDSettingsTableViewController.swift in Sources */,
				D92172771EB14910001E353A /* DDLoginViewController.swift in Sources */,
				D921727D1EB14964001E353A /* DDHomeViewController.swift in Sources */,
				D94E7BC61EBA1A9B00042B2C /* PKSwipeTableViewCell.swift in Sources */,
				D94E7BC01EBA19BC00042B2C /* DDReceivedTableViewController.swift in Sources */,
				D9618E431EB792DA00074CDC /* UIViewControllerExtension.swift in Sources */,
				D921726B1EB14764001E353A /* DollarAndADreamTests.swift in Sources */,
				D93B7C871ED5233C0080F3A0 /* DDQuickSendModalViewController.swift in Sources */,
				D92172801EB14989001E353A /* DDSendViewController.swift in Sources */,
				D974EB841EE317F500ADA6B3 /* DDUtils.swift in Sources */,
				D94E7BC31EBA19D500042B2C /* DDFavesTableViewController.swift in Sources */,
				D921727A1EB14934001E353A /* DDSignUpViewController.swift in Sources */,
				D9322F4C1EF3BA1D005CAFF3 /* DDRecTypeSelectionViewController.swift in Sources */,
				D974EB871EE32BDE00ADA6B3 /* DDQuickSendViewController.swift in Sources */,
			);
			runOnlyForDeploymentPostprocessing = 0;
		};
/* End PBXSourcesBuildPhase section */

/* Begin PBXTargetDependency section */
		D92172681EB14764001E353A /* PBXTargetDependency */ = {
			isa = PBXTargetDependency;
			target = D921724E1EB14764001E353A /* DollarAndADream */;
			targetProxy = D92172671EB14764001E353A /* PBXContainerItemProxy */;
		};
/* End PBXTargetDependency section */

/* Begin PBXVariantGroup section */
		D92172561EB14764001E353A /* Main.storyboard */ = {
			isa = PBXVariantGroup;
			children = (
				D92172571EB14764001E353A /* Base */,
			);
			name = Main.storyboard;
			sourceTree = "<group>";
		};
		D921725E1EB14764001E353A /* LaunchScreen.storyboard */ = {
			isa = PBXVariantGroup;
			children = (
				D921725F1EB14764001E353A /* Base */,
			);
			name = LaunchScreen.storyboard;
			sourceTree = "<group>";
		};
/* End PBXVariantGroup section */

/* Begin XCBuildConfiguration section */
		D921726D1EB14764001E353A /* Debug */ = {
			isa = XCBuildConfiguration;
			buildSettings = {
				ALWAYS_SEARCH_USER_PATHS = NO;
				CLANG_ANALYZER_NONNULL = YES;
				CLANG_ANALYZER_NUMBER_OBJECT_CONVERSION = YES_AGGRESSIVE;
				CLANG_CXX_LANGUAGE_STANDARD = "gnu++0x";
				CLANG_CXX_LIBRARY = "libc++";
				CLANG_ENABLE_MODULES = YES;
				CLANG_ENABLE_OBJC_ARC = YES;
				CLANG_WARN_BLOCK_CAPTURE_AUTORELEASING = YES;
				CLANG_WARN_BOOL_CONVERSION = YES;
				CLANG_WARN_COMMA = YES;
				CLANG_WARN_CONSTANT_CONVERSION = YES;
				CLANG_WARN_DIRECT_OBJC_ISA_USAGE = YES_ERROR;
				CLANG_WARN_DOCUMENTATION_COMMENTS = YES;
				CLANG_WARN_EMPTY_BODY = YES;
				CLANG_WARN_ENUM_CONVERSION = YES;
				CLANG_WARN_INFINITE_RECURSION = YES;
				CLANG_WARN_INT_CONVERSION = YES;
				CLANG_WARN_NON_LITERAL_NULL_CONVERSION = YES;
				CLANG_WARN_OBJC_LITERAL_CONVERSION = YES;
				CLANG_WARN_OBJC_ROOT_CLASS = YES_ERROR;
				CLANG_WARN_RANGE_LOOP_ANALYSIS = YES;
				CLANG_WARN_STRICT_PROTOTYPES = YES;
				CLANG_WARN_SUSPICIOUS_MOVE = YES;
				CLANG_WARN_UNREACHABLE_CODE = YES;
				CLANG_WARN__DUPLICATE_METHOD_MATCH = YES;
				"CODE_SIGN_IDENTITY[sdk=iphoneos*]" = "iPhone Developer";
				COPY_PHASE_STRIP = NO;
				DEBUG_INFORMATION_FORMAT = dwarf;
				ENABLE_STRICT_OBJC_MSGSEND = YES;
				ENABLE_TESTABILITY = YES;
				GCC_C_LANGUAGE_STANDARD = gnu99;
				GCC_DYNAMIC_NO_PIC = NO;
				GCC_NO_COMMON_BLOCKS = YES;
				GCC_OPTIMIZATION_LEVEL = 0;
				GCC_PREPROCESSOR_DEFINITIONS = (
					"DEBUG=1",
					"$(inherited)",
				);
				GCC_WARN_64_TO_32_BIT_CONVERSION = YES;
				GCC_WARN_ABOUT_RETURN_TYPE = YES_ERROR;
				GCC_WARN_UNDECLARED_SELECTOR = YES;
				GCC_WARN_UNINITIALIZED_AUTOS = YES_AGGRESSIVE;
				GCC_WARN_UNUSED_FUNCTION = YES;
				GCC_WARN_UNUSED_VARIABLE = YES;
				IPHONEOS_DEPLOYMENT_TARGET = 11.1;
				MTL_ENABLE_DEBUG_INFO = YES;
				ONLY_ACTIVE_ARCH = YES;
				SDKROOT = iphoneos;
				SWIFT_ACTIVE_COMPILATION_CONDITIONS = DEBUG;
				SWIFT_OPTIMIZATION_LEVEL = "-Onone";
			};
			name = Debug;
		};
		D921726E1EB14764001E353A /* Release */ = {
			isa = XCBuildConfiguration;
			buildSettings = {
				ALWAYS_SEARCH_USER_PATHS = NO;
				CLANG_ANALYZER_NONNULL = YES;
				CLANG_ANALYZER_NUMBER_OBJECT_CONVERSION = YES_AGGRESSIVE;
				CLANG_CXX_LANGUAGE_STANDARD = "gnu++0x";
				CLANG_CXX_LIBRARY = "libc++";
				CLANG_ENABLE_MODULES = YES;
				CLANG_ENABLE_OBJC_ARC = YES;
				CLANG_WARN_BLOCK_CAPTURE_AUTORELEASING = YES;
				CLANG_WARN_BOOL_CONVERSION = YES;
				CLANG_WARN_COMMA = YES;
				CLANG_WARN_CONSTANT_CONVERSION = YES;
				CLANG_WARN_DIRECT_OBJC_ISA_USAGE = YES_ERROR;
				CLANG_WARN_DOCUMENTATION_COMMENTS = YES;
				CLANG_WARN_EMPTY_BODY = YES;
				CLANG_WARN_ENUM_CONVERSION = YES;
				CLANG_WARN_INFINITE_RECURSION = YES;
				CLANG_WARN_INT_CONVERSION = YES;
				CLANG_WARN_NON_LITERAL_NULL_CONVERSION = YES;
				CLANG_WARN_OBJC_LITERAL_CONVERSION = YES;
				CLANG_WARN_OBJC_ROOT_CLASS = YES_ERROR;
				CLANG_WARN_RANGE_LOOP_ANALYSIS = YES;
				CLANG_WARN_STRICT_PROTOTYPES = YES;
				CLANG_WARN_SUSPICIOUS_MOVE = YES;
				CLANG_WARN_UNREACHABLE_CODE = YES;
				CLANG_WARN__DUPLICATE_METHOD_MATCH = YES;
				"CODE_SIGN_IDENTITY[sdk=iphoneos*]" = "iPhone Developer";
				COPY_PHASE_STRIP = NO;
				DEBUG_INFORMATION_FORMAT = "dwarf-with-dsym";
				ENABLE_NS_ASSERTIONS = NO;
				ENABLE_STRICT_OBJC_MSGSEND = YES;
				GCC_C_LANGUAGE_STANDARD = gnu99;
				GCC_NO_COMMON_BLOCKS = YES;
				GCC_WARN_64_TO_32_BIT_CONVERSION = YES;
				GCC_WARN_ABOUT_RETURN_TYPE = YES_ERROR;
				GCC_WARN_UNDECLARED_SELECTOR = YES;
				GCC_WARN_UNINITIALIZED_AUTOS = YES_AGGRESSIVE;
				GCC_WARN_UNUSED_FUNCTION = YES;
				GCC_WARN_UNUSED_VARIABLE = YES;
				IPHONEOS_DEPLOYMENT_TARGET = 11.1;
				MTL_ENABLE_DEBUG_INFO = NO;
				SDKROOT = iphoneos;
				SWIFT_OPTIMIZATION_LEVEL = "-Owholemodule";
				VALIDATE_PRODUCT = YES;
			};
			name = Release;
		};
		D92172701EB14764001E353A /* Debug */ = {
			isa = XCBuildConfiguration;
			buildSettings = {
				ASSETCATALOG_COMPILER_APPICON_NAME = AppIcon;
				"CODE_SIGN_IDENTITY[sdk=iphoneos*]" = "iPhone Distribution";
				CODE_SIGN_STYLE = Manual;
				DEVELOPMENT_TEAM = X557HAPU2P;
				INFOPLIST_FILE = DollarAndADream/Info.plist;
				IPHONEOS_DEPLOYMENT_TARGET = 11.1;
				LD_RUNPATH_SEARCH_PATHS = "$(inherited) @executable_path/Frameworks";
				PRODUCT_BUNDLE_IDENTIFIER = "Dollar-and-a-Dream.DollarAndADream";
				PRODUCT_NAME = "$(TARGET_NAME)";
				PROVISIONING_PROFILE = "8411eb9b-07ec-45e7-be8e-6b9ea02116c8";
				PROVISIONING_PROFILE_SPECIFIER = DDreamApr;
				SWIFT_SWIFT3_OBJC_INFERENCE = Default;
				SWIFT_VERSION = 4.0;
				TARGETED_DEVICE_FAMILY = 1;
			};
			name = Debug;
		};
		D92172711EB14764001E353A /* Release */ = {
			isa = XCBuildConfiguration;
			buildSettings = {
				ASSETCATALOG_COMPILER_APPICON_NAME = AppIcon;
				"CODE_SIGN_IDENTITY[sdk=iphoneos*]" = "iPhone Distribution";
				CODE_SIGN_STYLE = Manual;
				DEVELOPMENT_TEAM = X557HAPU2P;
				INFOPLIST_FILE = DollarAndADream/Info.plist;
				IPHONEOS_DEPLOYMENT_TARGET = 11.1;
				LD_RUNPATH_SEARCH_PATHS = "$(inherited) @executable_path/Frameworks";
				PRODUCT_BUNDLE_IDENTIFIER = "Dollar-and-a-Dream.DollarAndADream";
				PRODUCT_NAME = "$(TARGET_NAME)";
				PROVISIONING_PROFILE = "8411eb9b-07ec-45e7-be8e-6b9ea02116c8";
				PROVISIONING_PROFILE_SPECIFIER = DDreamApr;
				SWIFT_SWIFT3_OBJC_INFERENCE = Default;
				SWIFT_VERSION = 4.0;
				TARGETED_DEVICE_FAMILY = 1;
			};
			name = Release;
		};
		D92172731EB14764001E353A /* Debug */ = {
			isa = XCBuildConfiguration;
			buildSettings = {
				ALWAYS_EMBED_SWIFT_STANDARD_LIBRARIES = YES;
				BUNDLE_LOADER = "$(TEST_HOST)";
				DEVELOPMENT_TEAM = X557HAPU2P;
				INFOPLIST_FILE = DollarAndADreamTests/Info.plist;
				LD_RUNPATH_SEARCH_PATHS = "$(inherited) @executable_path/Frameworks @loader_path/Frameworks";
				PRODUCT_BUNDLE_IDENTIFIER = com.DollarDream.DollarAndADreamTests;
				PRODUCT_NAME = "$(TARGET_NAME)";
				SWIFT_SWIFT3_OBJC_INFERENCE = On;
				SWIFT_VERSION = 4.0;
				TEST_HOST = "$(BUILT_PRODUCTS_DIR)/DollarAndADream.app/DollarAndADream";
			};
			name = Debug;
		};
		D92172741EB14764001E353A /* Release */ = {
			isa = XCBuildConfiguration;
			buildSettings = {
				ALWAYS_EMBED_SWIFT_STANDARD_LIBRARIES = YES;
				BUNDLE_LOADER = "$(TEST_HOST)";
				DEVELOPMENT_TEAM = X557HAPU2P;
				INFOPLIST_FILE = DollarAndADreamTests/Info.plist;
				LD_RUNPATH_SEARCH_PATHS = "$(inherited) @executable_path/Frameworks @loader_path/Frameworks";
				PRODUCT_BUNDLE_IDENTIFIER = com.DollarDream.DollarAndADreamTests;
				PRODUCT_NAME = "$(TARGET_NAME)";
				SWIFT_SWIFT3_OBJC_INFERENCE = On;
				SWIFT_VERSION = 4.0;
				TEST_HOST = "$(BUILT_PRODUCTS_DIR)/DollarAndADream.app/DollarAndADream";
			};
			name = Release;
		};
/* End XCBuildConfiguration section */

/* Begin XCConfigurationList section */
		D921724A1EB14764001E353A /* Build configuration list for PBXProject "DollarAndADream" */ = {
			isa = XCConfigurationList;
			buildConfigurations = (
				D921726D1EB14764001E353A /* Debug */,
				D921726E1EB14764001E353A /* Release */,
			);
			defaultConfigurationIsVisible = 0;
			defaultConfigurationName = Release;
		};
		D921726F1EB14764001E353A /* Build configuration list for PBXNativeTarget "DollarAndADream" */ = {
			isa = XCConfigurationList;
			buildConfigurations = (
				D92172701EB14764001E353A /* Debug */,
				D92172711EB14764001E353A /* Release */,
			);
			defaultConfigurationIsVisible = 0;
			defaultConfigurationName = Release;
		};
		D92172721EB14764001E353A /* Build configuration list for PBXNativeTarget "DollarAndADreamTests" */ = {
			isa = XCConfigurationList;
			buildConfigurations = (
				D92172731EB14764001E353A /* Debug */,
				D92172741EB14764001E353A /* Release */,
			);
			defaultConfigurationIsVisible = 0;
			defaultConfigurationName = Release;
		};
/* End XCConfigurationList section */

/* Begin XCVersionGroup section */
		D92172591EB14764001E353A /* DollarAndADream.xcdatamodeld */ = {
			isa = XCVersionGroup;
			children = (
				D921725A1EB14764001E353A /* DollarAndADream.xcdatamodel */,
			);
			currentVersion = D921725A1EB14764001E353A /* DollarAndADream.xcdatamodel */;
			path = DollarAndADream.xcdatamodeld;
			sourceTree = "<group>";
			versionGroupType = wrapper.xcdatamodel;
		};
/* End XCVersionGroup section */
	};
	rootObject = D92172471EB14764001E353A /* Project object */;
}
